
Microsoft Visual Studio Solution File, Format Version 12.00
# Visual Studio 2013
VisualStudioVersion = 12.0.40629.0
MinimumVisualStudioVersion = 10.0.40219.1
Project("{FAE04EC0-301F-11D3-BF4B-00C04F79EFBC}") = "DispIMEMode2", "DispIMEMode2\DispIMEMode2.csproj", "{71B084B5-428E-49E7-ADC7-C1A2F2798C47}"
EndProject
Project("{2150E333-8FDC-42A3-9474-1A3956D46DE8}") = "Solution Items", "Solution Items", "{F466D6E5-04F0-4479-8EB2-38CA40AFB369}"
EndProject
Global
	GlobalSection(SolutionConfigurationPlatforms) = preSolution
		Debug|Any CPU = Debug|Any CPU
		Release|Any CPU = Release|Any CPU
	EndGlobalSection
	GlobalSection(ProjectConfigurationPlatforms) = postSolution
		{71B084B5-428E-49E7-ADC7-C1A2F2798C47}.Debug|Any CPU.ActiveCfg = Debug|Any CPU
		{71B084B5-428E-49E7-ADC7-C1A2F2798C47}.Debug|Any CPU.Build.0 = Debug|Any CPU
		{71B084B5-428E-49E7-ADC7-C1A2F2798C47}.Release|Any CPU.ActiveCfg = Release|Any CPU
		{71B084B5-428E-49E7-ADC7-C1A2F2798C47}.Release|Any CPU.Build.0 = Release|Any CPU
	EndGlobalSection
	GlobalSection(SolutionProperties) = preSolution
		HideSolutionNode = FALSE
	EndGlobalSection
EndGlobal
